{
  "name": "rolldown-starter",
  "version": "1.0.0",
  "lockfileVersion": 3,
  "requires": true,
  "packages": {
    "": {
      "name": "rolldown-starter",
      "license": "MIT",
      "dependencies": {
        "rolldown": "^0.10.5"
      }
    },
    "node_modules/@emnapi/core": {
      "version": "1.2.0",
      "resolved": "https://registry.npmjs.org/@emnapi/core/-/core-1.2.0.tgz",
      "integrity": "sha512-E7Vgw78I93we4ZWdYCb4DGAwRROGkMIXk7/y87UmANR+J6qsWusmC3gLt0H+O0KOt5e6O38U8oJamgbudrES/w==",
      "optional": true,
      "dependencies": {
        "@emnapi/wasi-threads": "1.0.1",
        "tslib": "^2.4.0"
      }
    },
    "node_modules/@emnapi/runtime": {
      "version": "1.2.0",
      "resolved": "https://registry.npmjs.org/@emnapi/runtime/-/runtime-1.2.0.tgz",
      "integrity": "sha512-bV21/9LQmcQeCPEg3BDFtvwL6cwiTMksYNWQQ4KOxCZikEGalWtenoZ0wCiukJINlGCIi2KXx01g4FoH/LxpzQ==",
      "optional": true,
      "dependencies": {
        "tslib": "^2.4.0"
      }
    },
    "node_modules/@emnapi/wasi-threads": {
      "version": "1.0.1",
      "resolved": "https://registry.npmjs.org/@emnapi/wasi-threads/-/wasi-threads-1.0.1.tgz",
      "integrity": "sha512-iIBu7mwkq4UQGeMEM8bLwNK962nXdhodeScX4slfQnRhEMMzvYivHhutCIk8uojvmASXXPC2WNEjwxFWk72Oqw==",
      "optional": true,
      "dependencies": {
        "tslib": "^2.4.0"
      }
    },
    "node_modules/@napi-rs/wasm-runtime": {
      "version": "0.2.4",
      "resolved": "https://registry.npmjs.org/@napi-rs/wasm-runtime/-/wasm-runtime-0.2.4.tgz",
      "integrity": "sha512-9zESzOO5aDByvhIAsOy9TbpZ0Ur2AJbUI7UT73kcUTS2mxAMHOBaa1st/jAymNoCtvrit99kkzT1FZuXVcgfIQ==",
      "optional": true,
      "dependencies": {
        "@emnapi/core": "^1.1.0",
        "@emnapi/runtime": "^1.1.0",
        "@tybys/wasm-util": "^0.9.0"
      }
    },
    "node_modules/@rolldown/binding-darwin-arm64": {
      "version": "0.10.5",
      "resolved": "https://registry.npmjs.org/@rolldown/binding-darwin-arm64/-/binding-darwin-arm64-0.10.5.tgz",
      "integrity": "sha512-hCwEjzDOBOA+vvFjcoSWZBTilcTvPs/zMjPNmLKZoZg58TNK5p3StZbrIuPaklhYT4j0X5emyoU3Vs0wswzYqg==",
      "cpu": [
        "arm64"
      ],
      "optional": true,
      "os": [
        "darwin"
      ]
    },
    "node_modules/@rolldown/binding-darwin-x64": {
      "version": "0.10.5",
      "resolved": "https://registry.npmjs.org/@rolldown/binding-darwin-x64/-/binding-darwin-x64-0.10.5.tgz",
      "integrity": "sha512-yRtnTyIyXYH7dQgtZoLinRqO+o/ROTPdWLcMHvRK8o+Rx0G4UC2KXapiq+SpQEEZwMMPnMGrDJ++1W+gzsJLAw==",
      "cpu": [
        "x64"
      ],
      "optional": true,
      "os": [
        "darwin"
      ]
    },
    "node_modules/@rolldown/binding-linux-arm-gnueabihf": {
      "version": "0.10.5",
      "resolved": "https://registry.npmjs.org/@rolldown/binding-linux-arm-gnueabihf/-/binding-linux-arm-gnueabihf-0.10.5.tgz",
      "integrity": "sha512-pT9+xKS7uUvh4LGEbRkM7NuYRrTnT0M+QxORVN0BFXBIMCWVh/g5dL/86/P9POjN0wjfJCt7sD1XTq2csC17Bw==",
      "cpu": [
        "arm"
      ],
      "optional": true,
      "os": [
        "linux"
      ]
    },
    "node_modules/@rolldown/binding-linux-arm64-gnu": {
      "version": "0.10.5",
      "resolved": "https://registry.npmjs.org/@rolldown/binding-linux-arm64-gnu/-/binding-linux-arm64-gnu-0.10.5.tgz",
      "integrity": "sha512-yjwqwS86v61/qIOeoTb13roNYsw9BKhVHJ8gPrAR/CCSRa93G1SoDGxzlZTpZL1zF/8GnegGy4vU6zZ4RMJqsQ==",
      "cpu": [
        "arm64"
      ],
      "optional": true,
      "os": [
        "linux"
      ]
    },
    "node_modules/@rolldown/binding-linux-arm64-musl": {
      "version": "0.10.5",
      "resolved": "https://registry.npmjs.org/@rolldown/binding-linux-arm64-musl/-/binding-linux-arm64-musl-0.10.5.tgz",
      "integrity": "sha512-/C+r30Kl4jIpXS7/akg9YnhVBQxY4jiz0GLc0UpCAt7oaoAhgZXCWpqGgPv4jpvGFYP+bp91kCqS0C3dOnU+mA==",
      "cpu": [
        "arm64"
      ],
      "optional": true,
      "os": [
        "linux"
      ]
    },
    "node_modules/@rolldown/binding-linux-x64-gnu": {
      "version": "0.10.5",
      "resolved": "https://registry.npmjs.org/@rolldown/binding-linux-x64-gnu/-/binding-linux-x64-gnu-0.10.5.tgz",
      "integrity": "sha512-kOvKZgoXjfWtgHIz8U4/rp1WfSpJMpgRuAJ5AnMhqEfUKXCFkbZsCy7oggdo7u2NXonO3sQmfov+YKO3ec5Hsg==",
      "cpu": [
        "x64"
      ],
      "optional": true,
      "os": [
        "linux"
      ]
    },
    "node_modules/@rolldown/binding-linux-x64-musl": {
      "version": "0.10.5",
      "resolved": "https://registry.npmjs.org/@rolldown/binding-linux-x64-musl/-/binding-linux-x64-musl-0.10.5.tgz",
      "integrity": "sha512-dT1HmEJfaiy1ZNsIuNLvkOo6mG0jL4d8gmR0ftk0BwKXH1M8Wnia3fP8k4nn6K3cwGHTBkPObLk/O++9Bt23Vw==",
      "cpu": [
        "x64"
      ],
      "optional": true,
      "os": [
        "linux"
      ]
    },
    "node_modules/@rolldown/binding-wasm32-wasi": {
      "version": "0.10.5",
      "resolved": "https://registry.npmjs.org/@rolldown/binding-wasm32-wasi/-/binding-wasm32-wasi-0.10.5.tgz",
      "integrity": "sha512-ieDGFO6GXeayxWRxVvAl8H75oQXLkASZ7R84qcq/ue5EY36Zst8KMAcNU2Pvpm0z0/6IDwSMAxF1nJPhQWQzqw==",
      "cpu": [
        "wasm32"
      ],
      "optional": true,
      "dependencies": {
        "@napi-rs/wasm-runtime": "^0.2.4"
      },
      "engines": {
        "node": ">=14.21.3"
      }
    },
    "node_modules/@rolldown/binding-win32-arm64-msvc": {
      "version": "0.10.5",
      "resolved": "https://registry.npmjs.org/@rolldown/binding-win32-arm64-msvc/-/binding-win32-arm64-msvc-0.10.5.tgz",
      "integrity": "sha512-EPZTG0WXWimc/LaLHmEpVZ1j7eX+Zrrpg/Sx/pEjiDRCYr0ztdKRM06HUsk4Bqtd/6HXIJOWWLSWwlxXEuOAeg==",
      "cpu": [
        "arm64"
      ],
      "optional": true,
      "os": [
        "win32"
      ]
    },
    "node_modules/@rolldown/binding-win32-ia32-msvc": {
      "version": "0.10.5",
      "resolved": "https://registry.npmjs.org/@rolldown/binding-win32-ia32-msvc/-/binding-win32-ia32-msvc-0.10.5.tgz",
      "integrity": "sha512-If+pP+v7ccXrp6vg5Gq6V8+ATn+RSl7eDndOj3LGNCOfoPbgBGZNwsNS9ZE1VOsj99qQgOtoc9JwgP333TR81g==",
      "cpu": [
        "ia32"
      ],
      "optional": true,
      "os": [
        "win32"
      ]
    },
    "node_modules/@rolldown/binding-win32-x64-msvc": {
      "version": "0.10.5",
      "resolved": "https://registry.npmjs.org/@rolldown/binding-win32-x64-msvc/-/binding-win32-x64-msvc-0.10.5.tgz",
      "integrity": "sha512-NCPYa5kEBkolWa9c6zf6FDq77bdmdm9u4ydRvWdOiC4xDKW/8bSyxmW6EvAimkOWkDvNQjzNaWF2nO2ywm6ZnQ==",
      "cpu": [
        "x64"
      ],
      "optional": true,
      "os": [
        "win32"
      ]
    },
    "node_modules/@tybys/wasm-util": {
      "version": "0.9.0",
      "resolved": "https://registry.npmjs.org/@tybys/wasm-util/-/wasm-util-0.9.0.tgz",
      "integrity": "sha512-6+7nlbMVX/PVDCwaIQ8nTOPveOcFLSt8GcXdx8hD0bt39uWxYT88uXzqTd4fTvqta7oeUJqudepapKNt2DYJFw==",
      "optional": true,
      "dependencies": {
        "tslib": "^2.4.0"
      }
    },
    "node_modules/citty": {
      "version": "0.1.6",
      "resolved": "https://registry.npmjs.org/citty/-/citty-0.1.6.tgz",
      "integrity": "sha512-tskPPKEs8D2KPafUypv2gxwJP8h/OaJmC82QQGGDQcHvXX43xF2VDACcJVmZ0EuSxkpO9Kc4MlrA3q0+FG58AQ==",
      "dependencies": {
        "consola": "^3.2.3"
      }
    },
    "node_modules/colorette": {
      "version": "2.0.20",
      "resolved": "https://registry.npmjs.org/colorette/-/colorette-2.0.20.tgz",
      "integrity": "sha512-IfEDxwoWIjkeXL1eXcDiow4UbKjhLdq6/EuSVR9GMN7KVH3r9gQ83e73hsz1Nd1T3ijd5xv1wcWRYO+D6kCI2w=="
    },
    "node_modules/consola": {
      "version": "3.2.3",
      "resolved": "https://registry.npmjs.org/consola/-/consola-3.2.3.tgz",
      "integrity": "sha512-I5qxpzLv+sJhTVEoLYNcTW+bThDCPsit0vLNKShZx6rLtpilNpmmeTPaeqJb9ZE9dV3DGaeby6Vuhrw38WjeyQ==",
      "engines": {
        "node": "^14.18.0 || >=16.10.0"
      }
    },
    "node_modules/locate-character": {
      "version": "3.0.0",
      "resolved": "https://registry.npmjs.org/locate-character/-/locate-character-3.0.0.tgz",
      "integrity": "sha512-SW13ws7BjaeJ6p7Q6CO2nchbYEc3X3J6WrmTTDto7yMPqVSZTUyY5Tjbid+Ab8gLnATtygYtiDIJGQRRn2ZOiA=="
    },
    "node_modules/mri": {
      "version": "1.2.0",
      "resolved": "https://registry.npmjs.org/mri/-/mri-1.2.0.tgz",
      "integrity": "sha512-tzzskb3bG8LvYGFF/mDTpq3jpI6Q9wc3LEmBaghu+DdCssd1FakN7Bc0hVNmEyGq1bq3RgfkCb3cmQLpNPOroA==",
      "engines": {
        "node": ">=4"
      }
    },
    "node_modules/rolldown": {
      "version": "0.10.5",
      "resolved": "https://registry.npmjs.org/rolldown/-/rolldown-0.10.5.tgz",
      "integrity": "sha512-ZQrbits9lGYGqlOlySqsHGcIudVcVWmtWXMfyWCwF21O0TKLe29XiK8xDFdxihj+4Wmn9bVcm0/z4mOUpi1/2Q==",
      "dependencies": {
        "citty": "^0.1.6",
        "colorette": "^2.0.20",
        "consola": "^3.2.3",
        "locate-character": "^3.0.0",
        "mri": "^1.2.0",
        "zod": "^3.23.8"
      },
      "bin": {
        "rolldown": "bin/cli.js"
      },
      "optionalDependencies": {
        "@rolldown/binding-darwin-arm64": "0.10.5",
        "@rolldown/binding-darwin-x64": "0.10.5",
        "@rolldown/binding-linux-arm-gnueabihf": "0.10.5",
        "@rolldown/binding-linux-arm64-gnu": "0.10.5",
        "@rolldown/binding-linux-arm64-musl": "0.10.5",
        "@rolldown/binding-linux-x64-gnu": "0.10.5",
        "@rolldown/binding-linux-x64-musl": "0.10.5",
        "@rolldown/binding-wasm32-wasi": "0.10.5",
        "@rolldown/binding-win32-arm64-msvc": "0.10.5",
        "@rolldown/binding-win32-ia32-msvc": "0.10.5",
        "@rolldown/binding-win32-x64-msvc": "0.10.5"
      }
    },
    "node_modules/tslib": {
      "version": "2.6.3",
      "resolved": "https://registry.npmjs.org/tslib/-/tslib-2.6.3.tgz",
      "integrity": "sha512-xNvxJEOUiWPGhUuUdQgAJPKOOJfGnIyKySOc09XkKsgdUV/3E2zvwZYdejjmRgPCgcym1juLH3226yA7sEFJKQ==",
      "optional": true
    },
    "node_modules/zod": {
      "version": "3.23.8",
      "resolved": "https://registry.npmjs.org/zod/-/zod-3.23.8.tgz",
      "integrity": "sha512-XBx9AXhXktjUqnepgTiE5flcKIYWi/rme0Eaj+5Y0lftuGBq+jyRu/md4WnuxqgP1ubdpNCsYEYPxrzVHD8d6g==",
      "funding": {
        "url": "https://github.com/sponsors/colinhacks"
      }
    }
  }
}
